Microsoft Visual Studio Solution File, Format Version 12.00
# Visual Studio Version 17
VisualStudioVersion = 17.5.2.0
MinimumVisualStudioVersion = 10.0.40219.1
Project("{2150E333-8FDC-42A3-9474-1A3956D46DE8}") = "yss-video-creator", "yss-video-creator", "{1C082D6D-BB17-B9C6-AE10-9ABD13962B7F}"
EndProject
Project("{2150E333-8FDC-42A3-9474-1A3956D46DE8}") = "installer", "installer", "{56686CCF-9227-8A2D-E41A-C058B3CF230A}"
EndProject
Project("{FAE04EC0-301F-11D3-BF4B-00C04F79EFBC}") = "CustomActions", "yss-video-creator\installer\CustomActions\CustomActions.csproj", "{877001AA-13AA-459C-92A5-650DE323C326}"
EndProject
Global
	GlobalSection(SolutionConfigurationPlatforms) = preSolution
		Debug|Any CPU = Debug|Any CPU
		Release|Any CPU = Release|Any CPU
	EndGlobalSection
	GlobalSection(ProjectConfigurationPlatforms) = postSolution
		{877001AA-13AA-459C-92A5-650DE323C326}.Debug|Any CPU.ActiveCfg = Debug|Any CPU
		{877001AA-13AA-459C-92A5-650DE323C326}.Debug|Any CPU.Build.0 = Debug|Any CPU
		{877001AA-13AA-459C-92A5-650DE323C326}.Release|Any CPU.ActiveCfg = Release|Any CPU
		{877001AA-13AA-459C-92A5-650DE323C326}.Release|Any CPU.Build.0 = Release|Any CPU
	EndGlobalSection
	GlobalSection(SolutionProperties) = preSolution
		HideSolutionNode = FALSE
	EndGlobalSection
	GlobalSection(NestedProjects) = preSolution
		{56686CCF-9227-8A2D-E41A-C058B3CF230A} = {1C082D6D-BB17-B9C6-AE10-9ABD13962B7F}
		{877001AA-13AA-459C-92A5-650DE323C326} = {56686CCF-9227-8A2D-E41A-C058B3CF230A}
	EndGlobalSection
	GlobalSection(ExtensibilityGlobals) = postSolution
		SolutionGuid = {464007C5-62EA-4B38-884F-0A236A8271DE}
	EndGlobalSection
EndGlobal
